{
  "name": "LEARN_JavaScript",
  "lockfileVersion": 3,
  "requires": true,
  "packages": {
    "": {
      "devDependencies": {
        "@types/jasmine": "^6.0.0"
      }
    },
    "node_modules/@types/jasmine": {
      "version": "6.0.0",
      "resolved": "https://registry.npmjs.org/@types/jasmine/-/jasmine-6.0.0.tgz",
      "integrity": "sha512-18lgGsLmEh3VJk9eZ5wAjTISxdqzl6YOwu8UdMpolajN57QOCNbl+AbHUd+Yu9ItrsFdB+c8LSZSGNg8nHaguw==",
      "dev": true,
      "license": "MIT"
    }
  }
}
